// !$*UTF8*$!
{
	archiveVersion = 1;
	classes = {
	};
	objectVersion = 50;
	objects = {

/* Begin PBXBuildFile section */
		F51C2BAC21882BAD00238857 /* AppDelegate.swift in Sources */ = {isa = PBXBuildFile; fileRef = F51C2BAB21882BAD00238857 /* AppDelegate.swift */; };
		F51C2BAE21882BAD00238857 /* ViewController.swift in Sources */ = {isa = PBXBuildFile; fileRef = F51C2BAD21882BAD00238857 /* ViewController.swift */; };
		F51C2BB121882BAD00238857 /* Main.storyboard in Resources */ = {isa = PBXBuildFile; fileRef = F51C2BAF21882BAD00238857 /* Main.storyboard */; };
		F51C2BB321882BAF00238857 /* Assets.xcassets in Resources */ = {isa = PBXBuildFile; fileRef = F51C2BB221882BAF00238857 /* Assets.xcassets */; };
		F51C2BB621882BAF00238857 /* LaunchScreen.storyboard in Resources */ = {isa = PBXBuildFile; fileRef = F51C2BB421882BAF00238857 /* LaunchScreen.storyboard */; };
		F51C2BC121882BAF00238857 /* journeyTests.swift in Sources */ = {isa = PBXBuildFile; fileRef = F51C2BC021882BAF00238857 /* journeyTests.swift */; };
/* End PBXBuildFile section */

/* Begin PBXContainerItemProxy section */
		F51C2BBD21882BAF00238857 /* PBXContainerItemProxy */ = {
			isa = PBXContainerItemProxy;
			containerPortal = F51C2BA021882BAD00238857 /* Project object */;
			proxyType = 1;
			remoteGlobalIDString = F51C2BA721882BAD00238857;
			remoteInfo = journey;
		};
/* End PBXContainerItemProxy section */

/* Begin PBXFileReference section */
		F51C2BA821882BAD00238857 /* journey.app */ = {isa = PBXFileReference; explicitFileType = wrapper.application; includeInIndex = 0; path = journey.app; sourceTree = BUILT_PRODUCTS_DIR; };
		F51C2BAB21882BAD00238857 /* AppDelegate.swift */ = {isa = PBXFileReference; lastKnownFileType = sourcecode.swift; path = AppDelegate.swift; sourceTree = "<group>"; };
		F51C2BAD21882BAD00238857 /* ViewController.swift */ = {isa = PBXFileReference; lastKnownFileType = sourcecode.swift; path = ViewController.swift; sourceTree = "<group>"; };
		F51C2BB021882BAD00238857 /* Base */ = {isa = PBXFileReference; lastKnownFileType = file.storyboard; name = Base; path = Base.lproj/Main.storyboard; sourceTree = "<group>"; };
		F51C2BB221882BAF00238857 /* Assets.xcassets */ = {isa = PBXFileReference; lastKnownFileType = folder.assetcatalog; path = Assets.xcassets; sourceTree = "<group>"; };
		F51C2BB521882BAF00238857 /* Base */ = {isa = PBXFileReference; lastKnownFileType = file.storyboard; name = Base; path = Base.lproj/LaunchScreen.storyboard; sourceTree = "<group>"; };
		F51C2BB721882BAF00238857 /* Info.plist */ = {isa = PBXFileReference; lastKnownFileType = text.plist.xml; path = Info.plist; sourceTree = "<group>"; };
		F51C2BBC21882BAF00238857 /* journeyTests.xctest */ = {isa = PBXFileReference; explicitFileType = wrapper.cfbundle; includeInIndex = 0; path = journeyTests.xctest; sourceTree = BUILT_PRODUCTS_DIR; };
		F51C2BC021882BAF00238857 /* journeyTests.swift */ = {isa = PBXFileReference; lastKnownFileType = sourcecode.swift; path = journeyTests.swift; sourceTree = "<group>"; };
		F51C2BC221882BAF00238857 /* Info.plist */ = {isa = PBXFileReference; lastKnownFileType = text.plist.xml; path = Info.plist; sourceTree = "<group>"; };
/* End PBXFileReference section */

/* Begin PBXFrameworksBuildPhase section */
		F51C2BA521882BAD00238857 /* Frameworks */ = {
			isa = PBXFrameworksBuildPhase;
			buildActionMask = 2147483647;
			files = (
			);
			runOnlyForDeploymentPostprocessing = 0;
		};
		F51C2BB921882BAF00238857 /* Frameworks */ = {
			isa = PBXFrameworksBuildPhase;
			buildActionMask = 2147483647;
			files = (
			);
			runOnlyForDeploymentPostprocessing = 0;
		};
/* End PBXFrameworksBuildPhase section */

/* Begin PBXGroup section */
		F51C2B9F21882BAD00238857 = {
			isa = PBXGroup;
			children = (
				F51C2BAA21882BAD00238857 /* journey */,
				F51C2BBF21882BAF00238857 /* journeyTests */,
				F51C2BA921882BAD00238857 /* Products */,
			);
			sourceTree = "<group>";
		};
		F51C2BA921882BAD00238857 /* Products */ = {
			isa = PBXGroup;
			children = (
				F51C2BA821882BAD00238857 /* journey.app */,
				F51C2BBC21882BAF00238857 /* journeyTests.xctest */,
			);
			name = Products;
			sourceTree = "<group>";
		};
		F51C2BAA21882BAD00238857 /* journey */ = {
			isa = PBXGroup;
			children = (
				F5CAC14F218830BC00A14895 /* Model */,
				F5CAC150218830C800A14895 /* Controller */,
				F5CAC151218830CF00A14895 /* View */,
				F5CAC152218830D300A14895 /* Helper */,
				F5CAC153218830D900A14895 /* Data */,
				F5CAC14E2188307A00A14895 /* Supporting Files */,
				F5CAC154218830F400A14895 /* Assets */,
				F51C2BAF21882BAD00238857 /* Main.storyboard */,
				F51C2BB421882BAF00238857 /* LaunchScreen.storyboard */,
			);
			path = journey;
			sourceTree = "<group>";
		};
		F51C2BBF21882BAF00238857 /* journeyTests */ = {
			isa = PBXGroup;
			children = (
				F51C2BC021882BAF00238857 /* journeyTests.swift */,
				F51C2BC221882BAF00238857 /* Info.plist */,
			);
			path = journeyTests;
			sourceTree = "<group>";
		};
		F5CAC14E2188307A00A14895 /* Supporting Files */ = {
			isa = PBXGroup;
			children = (
				F51C2BAB21882BAD00238857 /* AppDelegate.swift */,
				F51C2BB721882BAF00238857 /* Info.plist */,
			);
			path = "Supporting Files";
			sourceTree = "<group>";
		};
		F5CAC14F218830BC00A14895 /* Model */ = {
			isa = PBXGroup;
			children = (
			);
			path = Model;
			sourceTree = "<group>";
		};
		F5CAC150218830C800A14895 /* Controller */ = {
			isa = PBXGroup;
			children = (
				F51C2BAD21882BAD00238857 /* ViewController.swift */,
			);
			path = Controller;
			sourceTree = "<group>";
		};
		F5CAC151218830CF00A14895 /* View */ = {
			isa = PBXGroup;
			children = (
				F5CAC1552188311600A14895 /* Xib */,
				F5CAC1562188311E00A14895 /* Class */,
				F5CAC1572188312300A14895 /* Storyboard */,
			);
			path = View;
			sourceTree = "<group>";
		};
		F5CAC152218830D300A14895 /* Helper */ = {
			isa = PBXGroup;
			children = (
			);
			path = Helper;
			sourceTree = "<group>";
		};
		F5CAC153218830D900A14895 /* Data */ = {
			isa = PBXGroup;
			children = (
			);
			path = Data;
			sourceTree = "<group>";
		};
		F5CAC154218830F400A14895 /* Assets */ = {
			isa = PBXGroup;
			children = (
				F51C2BB221882BAF00238857 /* Assets.xcassets */,
			);
			path = Assets;
			sourceTree = "<group>";
		};
		F5CAC1552188311600A14895 /* Xib */ = {
			isa = PBXGroup;
			children = (
			);
			path = Xib;
			sourceTree = "<group>";
		};
		F5CAC1562188311E00A14895 /* Class */ = {
			isa = PBXGroup;
			children = (
			);
			path = Class;
			sourceTree = "<group>";
		};
		F5CAC1572188312300A14895 /* Storyboard */ = {
			isa = PBXGroup;
			children = (
			);
			path = Storyboard;
			sourceTree = "<group>";
		};
/* End PBXGroup section */

/* Begin PBXNativeTarget section */
		F51C2BA721882BAD00238857 /* journey */ = {
			isa = PBXNativeTarget;
			buildConfigurationList = F51C2BC521882BAF00238857 /* Build configuration list for PBXNativeTarget "journey" */;
			buildPhases = (
				F51C2BA421882BAD00238857 /* Sources */,
				F51C2BA521882BAD00238857 /* Frameworks */,
				F51C2BA621882BAD00238857 /* Resources */,
			);
			buildRules = (
			);
			dependencies = (
			);
			name = journey;
			productName = journey;
			productReference = F51C2BA821882BAD00238857 /* journey.app */;
			productType = "com.apple.product-type.application";
		};
		F51C2BBB21882BAF00238857 /* journeyTests */ = {
			isa = PBXNativeTarget;
			buildConfigurationList = F51C2BC821882BAF00238857 /* Build configuration list for PBXNativeTarget "journeyTests" */;
			buildPhases = (
				F51C2BB821882BAF00238857 /* Sources */,
				F51C2BB921882BAF00238857 /* Frameworks */,
				F51C2BBA21882BAF00238857 /* Resources */,
			);
			buildRules = (
			);
			dependencies = (
				F51C2BBE21882BAF00238857 /* PBXTargetDependency */,
			);
			name = journeyTests;
			productName = journeyTests;
			productReference = F51C2BBC21882BAF00238857 /* journeyTests.xctest */;
			productType = "com.apple.product-type.bundle.unit-test";
		};
/* End PBXNativeTarget section */

/* Begin PBXProject section */
		F51C2BA021882BAD00238857 /* Project object */ = {
			isa = PBXProject;
			attributes = {
				LastSwiftUpdateCheck = 1000;
				LastUpgradeCheck = 1000;
				ORGANIZATIONNAME = "!serious";
				TargetAttributes = {
					F51C2BA721882BAD00238857 = {
						CreatedOnToolsVersion = 10.0;
					};
					F51C2BBB21882BAF00238857 = {
						CreatedOnToolsVersion = 10.0;
						TestTargetID = F51C2BA721882BAD00238857;
					};
				};
			};
			buildConfigurationList = F51C2BA321882BAD00238857 /* Build configuration list for PBXProject "journey" */;
			compatibilityVersion = "Xcode 9.3";
			developmentRegion = en;
			hasScannedForEncodings = 0;
			knownRegions = (
				en,
				Base,
			);
			mainGroup = F51C2B9F21882BAD00238857;
			productRefGroup = F51C2BA921882BAD00238857 /* Products */;
			projectDirPath = "";
			projectRoot = "";
			targets = (
				F51C2BA721882BAD00238857 /* journey */,
				F51C2BBB21882BAF00238857 /* journeyTests */,
			);
		};
/* End PBXProject section */

/* Begin PBXResourcesBuildPhase section */
		F51C2BA621882BAD00238857 /* Resources */ = {
			isa = PBXResourcesBuildPhase;
			buildActionMask = 2147483647;
			files = (
				F51C2BB621882BAF00238857 /* LaunchScreen.storyboard in Resources */,
				F51C2BB321882BAF00238857 /* Assets.xcassets in Resources */,
				F51C2BB121882BAD00238857 /* Main.storyboard in Resources */,
			);
			runOnlyForDeploymentPostprocessing = 0;
		};
		F51C2BBA21882BAF00238857 /* Resources */ = {
			isa = PBXResourcesBuildPhase;
			buildActionMask = 2147483647;
			files = (
			);
			runOnlyForDeploymentPostprocessing = 0;
		};
/* End PBXResourcesBuildPhase section */

/* Begin PBXSourcesBuildPhase section */
		F51C2BA421882BAD00238857 /* Sources */ = {
			isa = PBXSourcesBuildPhase;
			buildActionMask = 2147483647;
			files = (
				F51C2BAE21882BAD00238857 /* ViewController.swift in Sources */,
				F51C2BAC21882BAD00238857 /* AppDelegate.swift in Sources */,
			);
			runOnlyForDeploymentPostprocessing = 0;
		};
		F51C2BB821882BAF00238857 /* Sources */ = {
			isa = PBXSourcesBuildPhase;
			buildActionMask = 2147483647;
			files = (
				F51C2BC121882BAF00238857 /* journeyTests.swift in Sources */,
			);
			runOnlyForDeploymentPostprocessing = 0;
		};
/* End PBXSourcesBuildPhase section */

/* Begin PBXTargetDependency section */
		F51C2BBE21882BAF00238857 /* PBXTargetDependency */ = {
			isa = PBXTargetDependency;
			target = F51C2BA721882BAD00238857 /* journey */;
			targetProxy = F51C2BBD21882BAF00238857 /* PBXContainerItemProxy */;
		};
/* End PBXTargetDependency section */

/* Begin PBXVariantGroup section */
		F51C2BAF21882BAD00238857 /* Main.storyboard */ = {
			isa = PBXVariantGroup;
			children = (
				F51C2BB021882BAD00238857 /* Base */,
			);
			name = Main.storyboard;
			sourceTree = "<group>";
		};
		F51C2BB421882BAF00238857 /* LaunchScreen.storyboard */ = {
			isa = PBXVariantGroup;
			children = (
				F51C2BB521882BAF00238857 /* Base */,
			);
			name = LaunchScreen.storyboard;
			sourceTree = "<group>";
		};
/* End PBXVariantGroup section */

/* Begin XCBuildConfiguration section */
		F51C2BC321882BAF00238857 /* Debug */ = {
			isa = XCBuildConfiguration;
			buildSettings = {
				ALWAYS_SEARCH_USER_PATHS = NO;
				CLANG_ANALYZER_NONNULL = YES;
				CLANG_ANALYZER_NUMBER_OBJECT_CONVERSION = YES_AGGRESSIVE;
				CLANG_CXX_LANGUAGE_STANDARD = "gnu++14";
				CLANG_CXX_LIBRARY = "libc++";
				CLANG_ENABLE_MODULES = YES;
				CLANG_ENABLE_OBJC_ARC = YES;
				CLANG_ENABLE_OBJC_WEAK = YES;
				CLANG_WARN_BLOCK_CAPTURE_AUTORELEASING = YES;
				CLANG_WARN_BOOL_CONVERSION = YES;
				CLANG_WARN_COMMA = YES;
				CLANG_WARN_CONSTANT_CONVERSION = YES;
				CLANG_WARN_DEPRECATED_OBJC_IMPLEMENTATIONS = YES;
				CLANG_WARN_DIRECT_OBJC_ISA_USAGE = YES_ERROR;
				CLANG_WARN_DOCUMENTATION_COMMENTS = YES;
				CLANG_WARN_EMPTY_BODY = YES;
				CLANG_WARN_ENUM_CONVERSION = YES;
				CLANG_WARN_INFINITE_RECURSION = YES;
				CLANG_WARN_INT_CONVERSION = YES;
				CLANG_WARN_NON_LITERAL_NULL_CONVERSION = YES;
				CLANG_WARN_OBJC_IMPLICIT_RETAIN_SELF = YES;
				CLANG_WARN_OBJC_LITERAL_CONVERSION = YES;
				CLANG_WARN_OBJC_ROOT_CLASS = YES_ERROR;
				CLANG_WARN_RANGE_LOOP_ANALYSIS = YES;
				CLANG_WARN_STRICT_PROTOTYPES = YES;
				CLANG_WARN_SUSPICIOUS_MOVE = YES;
				CLANG_WARN_UNGUARDED_AVAILABILITY = YES_AGGRESSIVE;
				CLANG_WARN_UNREACHABLE_CODE = YES;
				CLANG_WARN__DUPLICATE_METHOD_MATCH = YES;
				CODE_SIGN_IDENTITY = "iPhone Developer";
				COPY_PHASE_STRIP = NO;
				DEBUG_INFORMATION_FORMAT = dwarf;
				ENABLE_STRICT_OBJC_MSGSEND = YES;
				ENABLE_TESTABILITY = YES;
				GCC_C_LANGUAGE_STANDARD = gnu11;
				GCC_DYNAMIC_NO_PIC = NO;
				GCC_NO_COMMON_BLOCKS = YES;
				GCC_OPTIMIZATION_LEVEL = 0;
				GCC_PREPROCESSOR_DEFINITIONS = (
					"DEBUG=1",
					"$(inherited)",
				);
				GCC_WARN_64_TO_32_BIT_CONVERSION = YES;
				GCC_WARN_ABOUT_RETURN_TYPE = YES_ERROR;
				GCC_WARN_UNDECLARED_SELECTOR = YES;
				GCC_WARN_UNINITIALIZED_AUTOS = YES_AGGRESSIVE;
				GCC_WARN_UNUSED_FUNCTION = YES;
				GCC_WARN_UNUSED_VARIABLE = YES;
				IPHONEOS_DEPLOYMENT_TARGET = 12.0;
				MTL_ENABLE_DEBUG_INFO = INCLUDE_SOURCE;
				MTL_FAST_MATH = YES;
				ONLY_ACTIVE_ARCH = YES;
				SDKROOT = iphoneos;
				SWIFT_ACTIVE_COMPILATION_CONDITIONS = DEBUG;
				SWIFT_OPTIMIZATION_LEVEL = "-Onone";
			};
			name = Debug;
		};
		F51C2BC421882BAF00238857 /* Release */ = {
			isa = XCBuildConfiguration;
			buildSettings = {
				ALWAYS_SEARCH_USER_PATHS = NO;
				CLANG_ANALYZER_NONNULL = YES;
				CLANG_ANALYZER_NUMBER_OBJECT_CONVERSION = YES_AGGRESSIVE;
				CLANG_CXX_LANGUAGE_STANDARD = "gnu++14";
				CLANG_CXX_LIBRARY = "libc++";
				CLANG_ENABLE_MODULES = YES;
				CLANG_ENABLE_OBJC_ARC = YES;
				CLANG_ENABLE_OBJC_WEAK = YES;
				CLANG_WARN_BLOCK_CAPTURE_AUTORELEASING = YES;
				CLANG_WARN_BOOL_CONVERSION = YES;
				CLANG_WARN_COMMA = YES;
				CLANG_WARN_CONSTANT_CONVERSION = YES;
				CLANG_WARN_DEPRECATED_OBJC_IMPLEMENTATIONS = YES;
				CLANG_WARN_DIRECT_OBJC_ISA_USAGE = YES_ERROR;
				CLANG_WARN_DOCUMENTATION_COMMENTS = YES;
				CLANG_WARN_EMPTY_BODY = YES;
				CLANG_WARN_ENUM_CONVERSION = YES;
				CLANG_WARN_INFINITE_RECURSION = YES;
				CLANG_WARN_INT_CONVERSION = YES;
				CLANG_WARN_NON_LITERAL_NULL_CONVERSION = YES;
				CLANG_WARN_OBJC_IMPLICIT_RETAIN_SELF = YES;
				CLANG_WARN_OBJC_LITERAL_CONVERSION = YES;
				CLANG_WARN_OBJC_ROOT_CLASS = YES_ERROR;
				CLANG_WARN_RANGE_LOOP_ANALYSIS = YES;
				CLANG_WARN_STRICT_PROTOTYPES = YES;
				CLANG_WARN_SUSPICIOUS_MOVE = YES;
				CLANG_WARN_UNGUARDED_AVAILABILITY = YES_AGGRESSIVE;
				CLANG_WARN_UNREACHABLE_CODE = YES;
				CLANG_WARN__DUPLICATE_METHOD_MATCH = YES;
				CODE_SIGN_IDENTITY = "iPhone Developer";
				COPY_PHASE_STRIP = NO;
				DEBUG_INFORMATION_FORMAT = "dwarf-with-dsym";
				ENABLE_NS_ASSERTIONS = NO;
				ENABLE_STRICT_OBJC_MSGSEND = YES;
				GCC_C_LANGUAGE_STANDARD = gnu11;
				GCC_NO_COMMON_BLOCKS = YES;
				GCC_WARN_64_TO_32_BIT_CONVERSION = YES;
				GCC_WARN_ABOUT_RETURN_TYPE = YES_ERROR;
				GCC_WARN_UNDECLARED_SELECTOR = YES;
				GCC_WARN_UNINITIALIZED_AUTOS = YES_AGGRESSIVE;
				GCC_WARN_UNUSED_FUNCTION = YES;
				GCC_WARN_UNUSED_VARIABLE = YES;
				IPHONEOS_DEPLOYMENT_TARGET = 12.0;
				MTL_ENABLE_DEBUG_INFO = NO;
				MTL_FAST_MATH = YES;
				SDKROOT = iphoneos;
				SWIFT_COMPILATION_MODE = wholemodule;
				SWIFT_OPTIMIZATION_LEVEL = "-O";
				VALIDATE_PRODUCT = YES;
			};
			name = Release;
		};
		F51C2BC621882BAF00238857 /* Debug */ = {
			isa = XCBuildConfiguration;
			buildSettings = {
				ASSETCATALOG_COMPILER_APPICON_NAME = AppIcon;
				CODE_SIGN_STYLE = Automatic;
				DEVELOPMENT_TEAM = 4YU39WUVXB;
				INFOPLIST_FILE = "$(SRCROOT)/journey/Supporting Files/Info.plist";
				LD_RUNPATH_SEARCH_PATHS = (
					"$(inherited)",
					"@executable_path/Frameworks",
				);
				PRODUCT_BUNDLE_IDENTIFIER = com.notserious.journey;
				PRODUCT_NAME = "$(TARGET_NAME)";
				SWIFT_VERSION = 4.2;
				TARGETED_DEVICE_FAMILY = "1,2";
			};
			name = Debug;
		};
		F51C2BC721882BAF00238857 /* Release */ = {
			isa = XCBuildConfiguration;
			buildSettings = {
				ASSETCATALOG_COMPILER_APPICON_NAME = AppIcon;
				CODE_SIGN_STYLE = Automatic;
				DEVELOPMENT_TEAM = 4YU39WUVXB;
				INFOPLIST_FILE = "$(SRCROOT)/journey/Supporting Files/Info.plist";
				LD_RUNPATH_SEARCH_PATHS = (
					"$(inherited)",
					"@executable_path/Frameworks",
				);
				PRODUCT_BUNDLE_IDENTIFIER = com.notserious.journey;
				PRODUCT_NAME = "$(TARGET_NAME)";
				SWIFT_VERSION = 4.2;
				TARGETED_DEVICE_FAMILY = "1,2";
			};
			name = Release;
		};
		F51C2BC921882BAF00238857 /* Debug */ = {
			isa = XCBuildConfiguration;
			buildSettings = {
				ALWAYS_EMBED_SWIFT_STANDARD_LIBRARIES = YES;
				BUNDLE_LOADER = "$(TEST_HOST)";
				CODE_SIGN_STYLE = Automatic;
				DEVELOPMENT_TEAM = 4YU39WUVXB;
				INFOPLIST_FILE = journeyTests/Info.plist;
				LD_RUNPATH_SEARCH_PATHS = (
					"$(inherited)",
					"@executable_path/Frameworks",
					"@loader_path/Frameworks",
				);
				PRODUCT_BUNDLE_IDENTIFIER = com.notserious.journeyTests;
				PRODUCT_NAME = "$(TARGET_NAME)";
				SWIFT_VERSION = 4.2;
				TARGETED_DEVICE_FAMILY = "1,2";
				TEST_HOST = "$(BUILT_PRODUCTS_DIR)/journey.app/journey";
			};
			name = Debug;
		};
		F51C2BCA21882BAF00238857 /* Release */ = {
			isa = XCBuildConfiguration;
			buildSettings = {
				ALWAYS_EMBED_SWIFT_STANDARD_LIBRARIES = YES;
				BUNDLE_LOADER = "$(TEST_HOST)";
				CODE_SIGN_STYLE = Automatic;
				DEVELOPMENT_TEAM = 4YU39WUVXB;
				INFOPLIST_FILE = journeyTests/Info.plist;
				LD_RUNPATH_SEARCH_PATHS = (
					"$(inherited)",
					"@executable_path/Frameworks",
					"@loader_path/Frameworks",
				);
				PRODUCT_BUNDLE_IDENTIFIER = com.notserious.journeyTests;
				PRODUCT_NAME = "$(TARGET_NAME)";
				SWIFT_VERSION = 4.2;
				TARGETED_DEVICE_FAMILY = "1,2";
				TEST_HOST = "$(BUILT_PRODUCTS_DIR)/journey.app/journey";
			};
			name = Release;
		};
/* End XCBuildConfiguration section */

/* Begin XCConfigurationList section */
		F51C2BA321882BAD00238857 /* Build configuration list for PBXProject "journey" */ = {
			isa = XCConfigurationList;
			buildConfigurations = (
				F51C2BC321882BAF00238857 /* Debug */,
				F51C2BC421882BAF00238857 /* Release */,
			);
			defaultConfigurationIsVisible = 0;
			defaultConfigurationName = Release;
		};
		F51C2BC521882BAF00238857 /* Build configuration list for PBXNativeTarget "journey" */ = {
			isa = XCConfigurationList;
			buildConfigurations = (
				F51C2BC621882BAF00238857 /* Debug */,
				F51C2BC721882BAF00238857 /* Release */,
			);
			defaultConfigurationIsVisible = 0;
			defaultConfigurationName = Release;
		};
		F51C2BC821882BAF00238857 /* Build configuration list for PBXNativeTarget "journeyTests" */ = {
			isa = XCConfigurationList;
			buildConfigurations = (
				F51C2BC921882BAF00238857 /* Debug */,
				F51C2BCA21882BAF00238857 /* Release */,
			);
			defaultConfigurationIsVisible = 0;
			defaultConfigurationName = Release;
		};
/* End XCConfigurationList section */
	};
	rootObject = F51C2BA021882BAD00238857 /* Project object */;
}
